
Microsoft Visual Studio Solution File, Format Version 12.00
# Visual Studio Version 16
VisualStudioVersion = 16.0.32106.194
MinimumVisualStudioVersion = 10.0.40219.1
Project("{FAE04EC0-301F-11D3-BF4B-00C04F79EFBC}") = "PartialClassesDemo", "PartialClassesDemo\PartialClassesDemo.csproj", "{7AF7641D-4B65-4D5D-B927-9A96AB12E5D2}"
EndProject
Global
	GlobalSection(SolutionConfigurationPlatforms) = preSolution
		Debug|Any CPU = Debug|Any CPU
		Release|Any CPU = Release|Any CPU
	EndGlobalSection
	GlobalSection(ProjectConfigurationPlatforms) = postSolution
		{7AF7641D-4B65-4D5D-B927-9A96AB12E5D2}.Debug|Any CPU.ActiveCfg = Debug|Any CPU
		{7AF7641D-4B65-4D5D-B927-9A96AB12E5D2}.Debug|Any CPU.Build.0 = Debug|Any CPU
		{7AF7641D-4B65-4D5D-B927-9A96AB12E5D2}.Release|Any CPU.ActiveCfg = Release|Any CPU
		{7AF7641D-4B65-4D5D-B927-9A96AB12E5D2}.Release|Any CPU.Build.0 = Release|Any CPU
	EndGlobalSection
	GlobalSection(SolutionProperties) = preSolution
		HideSolutionNode = FALSE
	EndGlobalSection
	GlobalSection(ExtensibilityGlobals) = postSolution
		SolutionGuid = {763B5685-79EA-4DE9-BBC7-D4CCE580A259}
	EndGlobalSection
EndGlobal
